
Microsoft Visual Studio Solution File, Format Version 12.00
# Visual Studio 15
VisualStudioVersion = 15.0.27703.2026
MinimumVisualStudioVersion = 10.0.40219.1
Project("{FAE04EC0-301F-11D3-BF4B-00C04F79EFBC}") = "MVCEjercicio3_1Vistas", "MVCEjercicio3_1Vistas\MVCEjercicio3_1Vistas.csproj", "{80BD4BCC-7E20-4CA1-8AAE-3CF96E21EFDF}"
EndProject
Global
	GlobalSection(SolutionConfigurationPlatforms) = preSolution
		Debug|Any CPU = Debug|Any CPU
		Release|Any CPU = Release|Any CPU
	EndGlobalSection
	GlobalSection(ProjectConfigurationPlatforms) = postSolution
		{80BD4BCC-7E20-4CA1-8AAE-3CF96E21EFDF}.Debug|Any CPU.ActiveCfg = Debug|Any CPU
		{80BD4BCC-7E20-4CA1-8AAE-3CF96E21EFDF}.Debug|Any CPU.Build.0 = Debug|Any CPU
		{80BD4BCC-7E20-4CA1-8AAE-3CF96E21EFDF}.Release|Any CPU.ActiveCfg = Release|Any CPU
		{80BD4BCC-7E20-4CA1-8AAE-3CF96E21EFDF}.Release|Any CPU.Build.0 = Release|Any CPU
	EndGlobalSection
	GlobalSection(SolutionProperties) = preSolution
		HideSolutionNode = FALSE
	EndGlobalSection
	GlobalSection(ExtensibilityGlobals) = postSolution
		SolutionGuid = {1B276B45-CC06-40BE-9100-A1714A16FF9C}
	EndGlobalSection
EndGlobal
